
Microsoft Visual Studio Solution File, Format Version 12.00
# Visual Studio Version 17
VisualStudioVersion = 17.4.33110.190
MinimumVisualStudioVersion = 10.0.40219.1
Project("{FAE04EC0-301F-11D3-BF4B-00C04F79EFBC}") = "ConsoleApp55", "ConsoleApp55\ConsoleApp55.csproj", "{87A152CA-559A-43ED-AE15-0BEFE22BF363}"
EndProject
Global
	GlobalSection(SolutionConfigurationPlatforms) = preSolution
		Debug|Any CPU = Debug|Any CPU
		Release|Any CPU = Release|Any CPU
	EndGlobalSection
	GlobalSection(ProjectConfigurationPlatforms) = postSolution
		{87A152CA-559A-43ED-AE15-0BEFE22BF363}.Debug|Any CPU.ActiveCfg = Debug|Any CPU
		{87A152CA-559A-43ED-AE15-0BEFE22BF363}.Debug|Any CPU.Build.0 = Debug|Any CPU
		{87A152CA-559A-43ED-AE15-0BEFE22BF363}.Release|Any CPU.ActiveCfg = Release|Any CPU
		{87A152CA-559A-43ED-AE15-0BEFE22BF363}.Release|Any CPU.Build.0 = Release|Any CPU
	EndGlobalSection
	GlobalSection(SolutionProperties) = preSolution
		HideSolutionNode = FALSE
	EndGlobalSection
	GlobalSection(ExtensibilityGlobals) = postSolution
		SolutionGuid = {69061C06-30B4-44E6-BB66-4B75A4D41562}
	EndGlobalSection
EndGlobal
